
Microsoft Visual Studio Solution File, Format Version 12.00
# Visual Studio Version 17
VisualStudioVersion = 17.0.31903.59
MinimumVisualStudioVersion = 10.0.40219.1
Project("{FAE04EC0-301F-11D3-BF4B-00C04F79EFBC}") = "EC.Protobuf", "src\EC.Protobuf\EC.Protobuf.csproj", "{47CEF02D-44DB-4814-A137-76159AAC562F}"
EndProject
Project("{2150E333-8FDC-42A3-9474-1A3956D46DE8}") = "src", "src", "{7AE8FFDB-BD84-474E-8EDE-8CC1A12CBD72}"
EndProject
Project("{2150E333-8FDC-42A3-9474-1A3956D46DE8}") = "samples", "samples", "{91431B9B-E765-45E4-9219-94C9D2001136}"
EndProject
Project("{FAE04EC0-301F-11D3-BF4B-00C04F79EFBC}") = "Api", "samples\Api\Api.csproj", "{12F76B22-843E-4954-9B40-0461F10E191C}"
EndProject
Project("{FAE04EC0-301F-11D3-BF4B-00C04F79EFBC}") = "Client", "samples\Client\Client.csproj", "{C634F25F-4E85-4641-8AC8-FBFCD2A13242}"
EndProject
Global
	GlobalSection(SolutionConfigurationPlatforms) = preSolution
		Debug|Any CPU = Debug|Any CPU
		Release|Any CPU = Release|Any CPU
	EndGlobalSection
	GlobalSection(SolutionProperties) = preSolution
		HideSolutionNode = FALSE
	EndGlobalSection
	GlobalSection(ProjectConfigurationPlatforms) = postSolution
		{47CEF02D-44DB-4814-A137-76159AAC562F}.Debug|Any CPU.ActiveCfg = Debug|Any CPU
		{47CEF02D-44DB-4814-A137-76159AAC562F}.Debug|Any CPU.Build.0 = Debug|Any CPU
		{47CEF02D-44DB-4814-A137-76159AAC562F}.Release|Any CPU.ActiveCfg = Release|Any CPU
		{47CEF02D-44DB-4814-A137-76159AAC562F}.Release|Any CPU.Build.0 = Release|Any CPU
		{12F76B22-843E-4954-9B40-0461F10E191C}.Debug|Any CPU.ActiveCfg = Debug|Any CPU
		{12F76B22-843E-4954-9B40-0461F10E191C}.Debug|Any CPU.Build.0 = Debug|Any CPU
		{12F76B22-843E-4954-9B40-0461F10E191C}.Release|Any CPU.ActiveCfg = Release|Any CPU
		{12F76B22-843E-4954-9B40-0461F10E191C}.Release|Any CPU.Build.0 = Release|Any CPU
		{C634F25F-4E85-4641-8AC8-FBFCD2A13242}.Debug|Any CPU.ActiveCfg = Debug|Any CPU
		{C634F25F-4E85-4641-8AC8-FBFCD2A13242}.Debug|Any CPU.Build.0 = Debug|Any CPU
		{C634F25F-4E85-4641-8AC8-FBFCD2A13242}.Release|Any CPU.ActiveCfg = Release|Any CPU
		{C634F25F-4E85-4641-8AC8-FBFCD2A13242}.Release|Any CPU.Build.0 = Release|Any CPU
	EndGlobalSection
	GlobalSection(NestedProjects) = preSolution
		{47CEF02D-44DB-4814-A137-76159AAC562F} = {7AE8FFDB-BD84-474E-8EDE-8CC1A12CBD72}
		{12F76B22-843E-4954-9B40-0461F10E191C} = {91431B9B-E765-45E4-9219-94C9D2001136}
		{C634F25F-4E85-4641-8AC8-FBFCD2A13242} = {91431B9B-E765-45E4-9219-94C9D2001136}
	EndGlobalSection
EndGlobal
